// !$*UTF8*$!
{
	archiveVersion = 1;
	classes = {
	};
	objectVersion = 50;
	objects = {

/* Begin PBXBuildFile section */
		2348D14D210710CB00E71FEC /* AppDelegate.swift in Sources */ = {isa = PBXBuildFile; fileRef = 2348D14C210710CB00E71FEC /* AppDelegate.swift */; };
		2348D14F210710CB00E71FEC /* ViewController.swift in Sources */ = {isa = PBXBuildFile; fileRef = 2348D14E210710CB00E71FEC /* ViewController.swift */; };
		2348D152210710CB00E71FEC /* Main.storyboard in Resources */ = {isa = PBXBuildFile; fileRef = 2348D150210710CB00E71FEC /* Main.storyboard */; };
		2348D155210710CB00E71FEC /* CoreDataDemo.xcdatamodeld in Sources */ = {isa = PBXBuildFile; fileRef = 2348D153210710CB00E71FEC /* CoreDataDemo.xcdatamodeld */; };
		2348D157210710CC00E71FEC /* Assets.xcassets in Resources */ = {isa = PBXBuildFile; fileRef = 2348D156210710CC00E71FEC /* Assets.xcassets */; };
		2348D15A210710CC00E71FEC /* LaunchScreen.storyboard in Resources */ = {isa = PBXBuildFile; fileRef = 2348D158210710CC00E71FEC /* LaunchScreen.storyboard */; };
		2348D1652107116700E71FEC /* TableViewCell.swift in Sources */ = {isa = PBXBuildFile; fileRef = 2348D1642107116700E71FEC /* TableViewCell.swift */; };
		2348D167210712DB00E71FEC /* AddViewController.swift in Sources */ = {isa = PBXBuildFile; fileRef = 2348D166210712DB00E71FEC /* AddViewController.swift */; };
		2348D16C2107288100E71FEC /* EditViewController.swift in Sources */ = {isa = PBXBuildFile; fileRef = 2348D16B2107288100E71FEC /* EditViewController.swift */; };
/* End PBXBuildFile section */

/* Begin PBXFileReference section */
		2348D149210710CB00E71FEC /* CoreDataDemo.app */ = {isa = PBXFileReference; explicitFileType = wrapper.application; includeInIndex = 0; path = CoreDataDemo.app; sourceTree = BUILT_PRODUCTS_DIR; };
		2348D14C210710CB00E71FEC /* AppDelegate.swift */ = {isa = PBXFileReference; lastKnownFileType = sourcecode.swift; path = AppDelegate.swift; sourceTree = "<group>"; };
		2348D14E210710CB00E71FEC /* ViewController.swift */ = {isa = PBXFileReference; lastKnownFileType = sourcecode.swift; path = ViewController.swift; sourceTree = "<group>"; };
		2348D151210710CB00E71FEC /* Base */ = {isa = PBXFileReference; lastKnownFileType = file.storyboard; name = Base; path = Base.lproj/Main.storyboard; sourceTree = "<group>"; };
		2348D154210710CB00E71FEC /* CoreDataDemo.xcdatamodel */ = {isa = PBXFileReference; lastKnownFileType = wrapper.xcdatamodel; path = CoreDataDemo.xcdatamodel; sourceTree = "<group>"; };
		2348D156210710CC00E71FEC /* Assets.xcassets */ = {isa = PBXFileReference; lastKnownFileType = folder.assetcatalog; path = Assets.xcassets; sourceTree = "<group>"; };
		2348D159210710CC00E71FEC /* Base */ = {isa = PBXFileReference; lastKnownFileType = file.storyboard; name = Base; path = Base.lproj/LaunchScreen.storyboard; sourceTree = "<group>"; };
		2348D15B210710CC00E71FEC /* Info.plist */ = {isa = PBXFileReference; lastKnownFileType = text.plist.xml; path = Info.plist; sourceTree = "<group>"; };
		2348D1642107116700E71FEC /* TableViewCell.swift */ = {isa = PBXFileReference; lastKnownFileType = sourcecode.swift; path = TableViewCell.swift; sourceTree = "<group>"; };
		2348D166210712DB00E71FEC /* AddViewController.swift */ = {isa = PBXFileReference; lastKnownFileType = sourcecode.swift; path = AddViewController.swift; sourceTree = "<group>"; };
		2348D16B2107288100E71FEC /* EditViewController.swift */ = {isa = PBXFileReference; lastKnownFileType = sourcecode.swift; path = EditViewController.swift; sourceTree = "<group>"; };
/* End PBXFileReference section */

/* Begin PBXFrameworksBuildPhase section */
		2348D146210710CB00E71FEC /* Frameworks */ = {
			isa = PBXFrameworksBuildPhase;
			buildActionMask = 2147483647;
			files = (
			);
			runOnlyForDeploymentPostprocessing = 0;
		};
/* End PBXFrameworksBuildPhase section */

/* Begin PBXGroup section */
		2348D140210710CB00E71FEC = {
			isa = PBXGroup;
			children = (
				2348D14B210710CB00E71FEC /* CoreDataDemo */,
				2348D14A210710CB00E71FEC /* Products */,
			);
			sourceTree = "<group>";
		};
		2348D14A210710CB00E71FEC /* Products */ = {
			isa = PBXGroup;
			children = (
				2348D149210710CB00E71FEC /* CoreDataDemo.app */,
			);
			name = Products;
			sourceTree = "<group>";
		};
		2348D14B210710CB00E71FEC /* CoreDataDemo */ = {
			isa = PBXGroup;
			children = (
				2348D15B210710CC00E71FEC /* Info.plist */,
				2348D16A2107231700E71FEC /* Resource */,
				2348D168210722CE00E71FEC /* Application */,
				2348D163210710F700E71FEC /* Model */,
				2348D162210710F100E71FEC /* View */,
				2348D161210710E500E71FEC /* Controller */,
			);
			path = CoreDataDemo;
			sourceTree = "<group>";
		};
		2348D161210710E500E71FEC /* Controller */ = {
			isa = PBXGroup;
			children = (
				2348D14E210710CB00E71FEC /* ViewController.swift */,
				2348D166210712DB00E71FEC /* AddViewController.swift */,
				2348D16B2107288100E71FEC /* EditViewController.swift */,
			);
			path = Controller;
			sourceTree = "<group>";
		};
		2348D162210710F100E71FEC /* View */ = {
			isa = PBXGroup;
			children = (
				2348D1642107116700E71FEC /* TableViewCell.swift */,
			);
			path = View;
			sourceTree = "<group>";
		};
		2348D163210710F700E71FEC /* Model */ = {
			isa = PBXGroup;
			children = (
				2348D153210710CB00E71FEC /* CoreDataDemo.xcdatamodeld */,
			);
			path = Model;
			sourceTree = "<group>";
		};
		2348D168210722CE00E71FEC /* Application */ = {
			isa = PBXGroup;
			children = (
				2348D158210710CC00E71FEC /* LaunchScreen.storyboard */,
				2348D150210710CB00E71FEC /* Main.storyboard */,
				2348D14C210710CB00E71FEC /* AppDelegate.swift */,
			);
			path = Application;
			sourceTree = "<group>";
		};
		2348D16A2107231700E71FEC /* Resource */ = {
			isa = PBXGroup;
			children = (
				2348D156210710CC00E71FEC /* Assets.xcassets */,
			);
			path = Resource;
			sourceTree = "<group>";
		};
/* End PBXGroup section */

/* Begin PBXNativeTarget section */
		2348D148210710CB00E71FEC /* CoreDataDemo */ = {
			isa = PBXNativeTarget;
			buildConfigurationList = 2348D15E210710CC00E71FEC /* Build configuration list for PBXNativeTarget "CoreDataDemo" */;
			buildPhases = (
				2348D145210710CB00E71FEC /* Sources */,
				2348D146210710CB00E71FEC /* Frameworks */,
				2348D147210710CB00E71FEC /* Resources */,
			);
			buildRules = (
			);
			dependencies = (
			);
			name = CoreDataDemo;
			productName = CoreDataDemo;
			productReference = 2348D149210710CB00E71FEC /* CoreDataDemo.app */;
			productType = "com.apple.product-type.application";
		};
/* End PBXNativeTarget section */

/* Begin PBXProject section */
		2348D141210710CB00E71FEC /* Project object */ = {
			isa = PBXProject;
			attributes = {
				LastSwiftUpdateCheck = 0940;
				LastUpgradeCheck = 0940;
				ORGANIZATIONNAME = RikkeiIOS;
				TargetAttributes = {
					2348D148210710CB00E71FEC = {
						CreatedOnToolsVersion = 9.4.1;
					};
				};
			};
			buildConfigurationList = 2348D144210710CB00E71FEC /* Build configuration list for PBXProject "CoreDataDemo" */;
			compatibilityVersion = "Xcode 9.3";
			developmentRegion = en;
			hasScannedForEncodings = 0;
			knownRegions = (
				en,
				Base,
			);
			mainGroup = 2348D140210710CB00E71FEC;
			productRefGroup = 2348D14A210710CB00E71FEC /* Products */;
			projectDirPath = "";
			projectRoot = "";
			targets = (
				2348D148210710CB00E71FEC /* CoreDataDemo */,
			);
		};
/* End PBXProject section */

/* Begin PBXResourcesBuildPhase section */
		2348D147210710CB00E71FEC /* Resources */ = {
			isa = PBXResourcesBuildPhase;
			buildActionMask = 2147483647;
			files = (
				2348D15A210710CC00E71FEC /* LaunchScreen.storyboard in Resources */,
				2348D157210710CC00E71FEC /* Assets.xcassets in Resources */,
				2348D152210710CB00E71FEC /* Main.storyboard in Resources */,
			);
			runOnlyForDeploymentPostprocessing = 0;
		};
/* End PBXResourcesBuildPhase section */

/* Begin PBXSourcesBuildPhase section */
		2348D145210710CB00E71FEC /* Sources */ = {
			isa = PBXSourcesBuildPhase;
			buildActionMask = 2147483647;
			files = (
				2348D167210712DB00E71FEC /* AddViewController.swift in Sources */,
				2348D14F210710CB00E71FEC /* ViewController.swift in Sources */,
				2348D16C2107288100E71FEC /* EditViewController.swift in Sources */,
				2348D1652107116700E71FEC /* TableViewCell.swift in Sources */,
				2348D155210710CB00E71FEC /* CoreDataDemo.xcdatamodeld in Sources */,
				2348D14D210710CB00E71FEC /* AppDelegate.swift in Sources */,
			);
			runOnlyForDeploymentPostprocessing = 0;
		};
/* End PBXSourcesBuildPhase section */

/* Begin PBXVariantGroup section */
		2348D150210710CB00E71FEC /* Main.storyboard */ = {
			isa = PBXVariantGroup;
			children = (
				2348D151210710CB00E71FEC /* Base */,
			);
			name = Main.storyboard;
			sourceTree = "<group>";
		};
		2348D158210710CC00E71FEC /* LaunchScreen.storyboard */ = {
			isa = PBXVariantGroup;
			children = (
				2348D159210710CC00E71FEC /* Base */,
			);
			name = LaunchScreen.storyboard;
			sourceTree = "<group>";
		};
/* End PBXVariantGroup section */

/* Begin XCBuildConfiguration section */
		2348D15C210710CC00E71FEC /* Debug */ = {
			isa = XCBuildConfiguration;
			buildSettings = {
				ALWAYS_SEARCH_USER_PATHS = NO;
				CLANG_ANALYZER_NONNULL = YES;
				CLANG_ANALYZER_NUMBER_OBJECT_CONVERSION = YES_AGGRESSIVE;
				CLANG_CXX_LANGUAGE_STANDARD = "gnu++14";
				CLANG_CXX_LIBRARY = "libc++";
				CLANG_ENABLE_MODULES = YES;
				CLANG_ENABLE_OBJC_ARC = YES;
				CLANG_ENABLE_OBJC_WEAK = YES;
				CLANG_WARN_BLOCK_CAPTURE_AUTORELEASING = YES;
				CLANG_WARN_BOOL_CONVERSION = YES;
				CLANG_WARN_COMMA = YES;
				CLANG_WARN_CONSTANT_CONVERSION = YES;
				CLANG_WARN_DEPRECATED_OBJC_IMPLEMENTATIONS = YES;
				CLANG_WARN_DIRECT_OBJC_ISA_USAGE = YES_ERROR;
				CLANG_WARN_DOCUMENTATION_COMMENTS = YES;
				CLANG_WARN_EMPTY_BODY = YES;
				CLANG_WARN_ENUM_CONVERSION = YES;
				CLANG_WARN_INFINITE_RECURSION = YES;
				CLANG_WARN_INT_CONVERSION = YES;
				CLANG_WARN_NON_LITERAL_NULL_CONVERSION = YES;
				CLANG_WARN_OBJC_IMPLICIT_RETAIN_SELF = YES;
				CLANG_WARN_OBJC_LITERAL_CONVERSION = YES;
				CLANG_WARN_OBJC_ROOT_CLASS = YES_ERROR;
				CLANG_WARN_RANGE_LOOP_ANALYSIS = YES;
				CLANG_WARN_STRICT_PROTOTYPES = YES;
				CLANG_WARN_SUSPICIOUS_MOVE = YES;
				CLANG_WARN_UNGUARDED_AVAILABILITY = YES_AGGRESSIVE;
				CLANG_WARN_UNREACHABLE_CODE = YES;
				CLANG_WARN__DUPLICATE_METHOD_MATCH = YES;
				CODE_SIGN_IDENTITY = "iPhone Developer";
				COPY_PHASE_STRIP = NO;
				DEBUG_INFORMATION_FORMAT = dwarf;
				ENABLE_STRICT_OBJC_MSGSEND = YES;
				ENABLE_TESTABILITY = YES;
				GCC_C_LANGUAGE_STANDARD = gnu11;
				GCC_DYNAMIC_NO_PIC = NO;
				GCC_NO_COMMON_BLOCKS = YES;
				GCC_OPTIMIZATION_LEVEL = 0;
				GCC_PREPROCESSOR_DEFINITIONS = (
					"DEBUG=1",
					"$(inherited)",
				);
				GCC_WARN_64_TO_32_BIT_CONVERSION = YES;
				GCC_WARN_ABOUT_RETURN_TYPE = YES_ERROR;
				GCC_WARN_UNDECLARED_SELECTOR = YES;
				GCC_WARN_UNINITIALIZED_AUTOS = YES_AGGRESSIVE;
				GCC_WARN_UNUSED_FUNCTION = YES;
				GCC_WARN_UNUSED_VARIABLE = YES;
				IPHONEOS_DEPLOYMENT_TARGET = 11.4;
				MTL_ENABLE_DEBUG_INFO = YES;
				ONLY_ACTIVE_ARCH = YES;
				SDKROOT = iphoneos;
				SWIFT_ACTIVE_COMPILATION_CONDITIONS = DEBUG;
				SWIFT_OPTIMIZATION_LEVEL = "-Onone";
			};
			name = Debug;
		};
		2348D15D210710CC00E71FEC /* Release */ = {
			isa = XCBuildConfiguration;
			buildSettings = {
				ALWAYS_SEARCH_USER_PATHS = NO;
				CLANG_ANALYZER_NONNULL = YES;
				CLANG_ANALYZER_NUMBER_OBJECT_CONVERSION = YES_AGGRESSIVE;
				CLANG_CXX_LANGUAGE_STANDARD = "gnu++14";
				CLANG_CXX_LIBRARY = "libc++";
				CLANG_ENABLE_MODULES = YES;
				CLANG_ENABLE_OBJC_ARC = YES;
				CLANG_ENABLE_OBJC_WEAK = YES;
				CLANG_WARN_BLOCK_CAPTURE_AUTORELEASING = YES;
				CLANG_WARN_BOOL_CONVERSION = YES;
				CLANG_WARN_COMMA = YES;
				CLANG_WARN_CONSTANT_CONVERSION = YES;
				CLANG_WARN_DEPRECATED_OBJC_IMPLEMENTATIONS = YES;
				CLANG_WARN_DIRECT_OBJC_ISA_USAGE = YES_ERROR;
				CLANG_WARN_DOCUMENTATION_COMMENTS = YES;
				CLANG_WARN_EMPTY_BODY = YES;
				CLANG_WARN_ENUM_CONVERSION = YES;
				CLANG_WARN_INFINITE_RECURSION = YES;
				CLANG_WARN_INT_CONVERSION = YES;
				CLANG_WARN_NON_LITERAL_NULL_CONVERSION = YES;
				CLANG_WARN_OBJC_IMPLICIT_RETAIN_SELF = YES;
				CLANG_WARN_OBJC_LITERAL_CONVERSION = YES;
				CLANG_WARN_OBJC_ROOT_CLASS = YES_ERROR;
				CLANG_WARN_RANGE_LOOP_ANALYSIS = YES;
				CLANG_WARN_STRICT_PROTOTYPES = YES;
				CLANG_WARN_SUSPICIOUS_MOVE = YES;
				CLANG_WARN_UNGUARDED_AVAILABILITY = YES_AGGRESSIVE;
				CLANG_WARN_UNREACHABLE_CODE = YES;
				CLANG_WARN__DUPLICATE_METHOD_MATCH = YES;
				CODE_SIGN_IDENTITY = "iPhone Developer";
				COPY_PHASE_STRIP = NO;
				DEBUG_INFORMATION_FORMAT = "dwarf-with-dsym";
				ENABLE_NS_ASSERTIONS = NO;
				ENABLE_STRICT_OBJC_MSGSEND = YES;
				GCC_C_LANGUAGE_STANDARD = gnu11;
				GCC_NO_COMMON_BLOCKS = YES;
				GCC_WARN_64_TO_32_BIT_CONVERSION = YES;
				GCC_WARN_ABOUT_RETURN_TYPE = YES_ERROR;
				GCC_WARN_UNDECLARED_SELECTOR = YES;
				GCC_WARN_UNINITIALIZED_AUTOS = YES_AGGRESSIVE;
				GCC_WARN_UNUSED_FUNCTION = YES;
				GCC_WARN_UNUSED_VARIABLE = YES;
				IPHONEOS_DEPLOYMENT_TARGET = 11.4;
				MTL_ENABLE_DEBUG_INFO = NO;
				SDKROOT = iphoneos;
				SWIFT_COMPILATION_MODE = wholemodule;
				SWIFT_OPTIMIZATION_LEVEL = "-O";
				VALIDATE_PRODUCT = YES;
			};
			name = Release;
		};
		2348D15F210710CC00E71FEC /* Debug */ = {
			isa = XCBuildConfiguration;
			buildSettings = {
				ASSETCATALOG_COMPILER_APPICON_NAME = AppIcon;
				CODE_SIGN_STYLE = Automatic;
				INFOPLIST_FILE = CoreDataDemo/Info.plist;
				LD_RUNPATH_SEARCH_PATHS = (
					"$(inherited)",
					"@executable_path/Frameworks",
				);
				PRODUCT_BUNDLE_IDENTIFIER = rikkeisof.ios.course.CoreDataDemo;
				PRODUCT_NAME = "$(TARGET_NAME)";
				SWIFT_VERSION = 4.0;
				TARGETED_DEVICE_FAMILY = "1,2";
			};
			name = Debug;
		};
		2348D160210710CC00E71FEC /* Release */ = {
			isa = XCBuildConfiguration;
			buildSettings = {
				ASSETCATALOG_COMPILER_APPICON_NAME = AppIcon;
				CODE_SIGN_STYLE = Automatic;
				INFOPLIST_FILE = CoreDataDemo/Info.plist;
				LD_RUNPATH_SEARCH_PATHS = (
					"$(inherited)",
					"@executable_path/Frameworks",
				);
				PRODUCT_BUNDLE_IDENTIFIER = rikkeisof.ios.course.CoreDataDemo;
				PRODUCT_NAME = "$(TARGET_NAME)";
				SWIFT_VERSION = 4.0;
				TARGETED_DEVICE_FAMILY = "1,2";
			};
			name = Release;
		};
/* End XCBuildConfiguration section */

/* Begin XCConfigurationList section */
		2348D144210710CB00E71FEC /* Build configuration list for PBXProject "CoreDataDemo" */ = {
			isa = XCConfigurationList;
			buildConfigurations = (
				2348D15C210710CC00E71FEC /* Debug */,
				2348D15D210710CC00E71FEC /* Release */,
			);
			defaultConfigurationIsVisible = 0;
			defaultConfigurationName = Release;
		};
		2348D15E210710CC00E71FEC /* Build configuration list for PBXNativeTarget "CoreDataDemo" */ = {
			isa = XCConfigurationList;
			buildConfigurations = (
				2348D15F210710CC00E71FEC /* Debug */,
				2348D160210710CC00E71FEC /* Release */,
			);
			defaultConfigurationIsVisible = 0;
			defaultConfigurationName = Release;
		};
/* End XCConfigurationList section */

/* Begin XCVersionGroup section */
		2348D153210710CB00E71FEC /* CoreDataDemo.xcdatamodeld */ = {
			isa = XCVersionGroup;
			children = (
				2348D154210710CB00E71FEC /* CoreDataDemo.xcdatamodel */,
			);
			currentVersion = 2348D154210710CB00E71FEC /* CoreDataDemo.xcdatamodel */;
			path = CoreDataDemo.xcdatamodeld;
			sourceTree = "<group>";
			versionGroupType = wrapper.xcdatamodel;
		};
/* End XCVersionGroup section */
	};
	rootObject = 2348D141210710CB00E71FEC /* Project object */;
}
